
Microsoft Visual Studio Solution File, Format Version 12.00
# Visual Studio 15
VisualStudioVersion = 15.0.26403.7
MinimumVisualStudioVersion = 10.0.40219.1
Project("{FAE04EC0-301F-11D3-BF4B-00C04F79EFBC}") = "Snickler.EFCore", "src\EFCoreFluent\Snickler.EFCore.csproj", "{176191B5-C07B-4476-A213-416F122274BB}"
EndProject
Global
	GlobalSection(SolutionConfigurationPlatforms) = preSolution
		Debug|Any CPU = Debug|Any CPU
		Release|Any CPU = Release|Any CPU
	EndGlobalSection
	GlobalSection(ProjectConfigurationPlatforms) = postSolution
		{176191B5-C07B-4476-A213-416F122274BB}.Debug|Any CPU.ActiveCfg = Debug|Any CPU
		{176191B5-C07B-4476-A213-416F122274BB}.Debug|Any CPU.Build.0 = Debug|Any CPU
		{176191B5-C07B-4476-A213-416F122274BB}.Release|Any CPU.ActiveCfg = Release|Any CPU
		{176191B5-C07B-4476-A213-416F122274BB}.Release|Any CPU.Build.0 = Release|Any CPU
	EndGlobalSection
	GlobalSection(SolutionProperties) = preSolution
		HideSolutionNode = FALSE
	EndGlobalSection
	GlobalSection(ExtensibilityGlobals) = postSolution
		SolutionGuid = {D4190F00-F00E-4E37-8A65-A0B42B135CCA}
	EndGlobalSection
EndGlobal
